{
  "name": "nova-pasta-frontend",
  "version": "1.0.0",
  "lockfileVersion": 3,
  "requires": true,
  "packages": {
    "": {
      "name": "nova-pasta-frontend",
      "version": "1.0.0",
      "dependencies": {
        "react": "^18.2.0",
        "react-dom": "^18.2.0",
        "react-router-dom": "^6.17.0",
        "axios": "^1.5.1"
      },
      "devDependencies": {
        "@types/react": "^18.2.37",
        "@types/react-dom": "^18.2.15",
        "@typescript-eslint/eslint-plugin": "^6.10.0",
        "@typescript-eslint/parser": "^6.10.0",
        "@vitejs/plugin-react": "^4.1.1",
        "eslint": "^8.53.0",
        "eslint-plugin-react": "^7.33.2",
        "eslint-plugin-react-hooks": "^4.6.0",
        "eslint-plugin-react-refresh": "^0.4.4",
        "vite": "^4.5.0",
        "vitest": "^0.34.6",
        "typescript": "^5.2.2",
        "tailwindcss": "^3.3.0",
        "autoprefixer": "^10.4.16",
        "postcss": "^8.4.31"
      }
    },
    "node_modules/react": {
      "version": "18.2.0",
      "resolved": "https://registry.npmjs.org/react/-/react-18.2.0.tgz",
      "integrity": "sha512-/3IjMdb2L9QbBdWiW5e3P2/npwMBaU9mHCSCUzNln0ZCYbcfTsGbTJrU/kGemdH2IWmB2ioZ+zkxtmq6g09fGQ==",
      "dependencies": {
        "loose-envify": "^1.1.0"
      },
      "engines": {
        "node": ">=0.10.0"
      }
    },
    "node_modules/react-dom": {
      "version": "18.2.0",
      "resolved": "https://registry.npmjs.org/react-dom/-/react-dom-18.2.0.tgz",
      "integrity": "sha512-6IM6Mu9YJTb522IhtQHU5GI8j6XwU1UpDPgKHDqXfS2P5R9a6t9RlvwpfX4ojwla7JU+wg09VtYBv4MwyJ8dzw==",
      "dependencies": {
        "loose-envify": "^1.1.0",
        "scheduler": "^0.23.0"
      },
      "peerDependencies": {
        "react": "^18.0.0"
      }
    },
    "node_modules/react-router-dom": {
      "version": "6.17.0",
      "resolved": "https://registry.npmjs.org/react-router-dom/-/react-router-dom-6.17.0.tgz",
      "integrity": "sha512-6GRizHfoviL3mw9cdgdT3UpPJ81ZGLlb/wsU+5pWpXh0W+3Qv3Xg1n9vK6iRLB5QO8B5QO8B5QO8B5QO8B5Q==",
      "dependencies": {
        "react-router": "6.17.0"
      },
      "peerDependencies": {
        "react": ">=16.8",
        "react-dom": ">=16.8"
      }
    },
    "node_modules/axios": {
      "version": "1.5.1",
      "resolved": "https://registry.npmjs.org/axios/-/axios-1.5.1.tgz",
      "integrity": "sha512-6GRizHfoviL3mw9cdgdT3UpPJ81ZGLlb/wsU+5pWpXh0W+3Qv3Xg1n9vK6iRLB5QO8B5QO8B5QO8B5QO8B5Q=="
    }
  }
}
